<?xml version="1.0" encoding="utf-8"?>
<Project ToolsVersion="4.0" xmlns="http://schemas.microsoft.com/developer/msbuild/2003">
  <ItemGroup>
    <Filter Include="源文件">
      <UniqueIdentifier>{4FC737F1-C7A5-4376-A066-2A32D752A2FF}</UniqueIdentifier>
      <Extensions>cpp;c;cc;cxx;c++;cppm;ixx;def;odl;idl;hpj;bat;asm;asmx</Extensions>
    </Filter>
    <Filter Include="头文件">
      <UniqueIdentifier>{93995380-89BD-4b04-88EB-625FBE52EBFB}</UniqueIdentifier>
      <Extensions>h;hh;hpp;hxx;h++;hm;inl;inc;ipp;xsd</Extensions>
    </Filter>
    <Filter Include="资源文件">
      <UniqueIdentifier>{67DA6AB6-F800-4c08-8B7A-83BB121AAD01}</UniqueIdentifier>
      <Extensions>rc;ico;cur;bmp;dlg;rc2;rct;bin;rgs;gif;jpg;jpeg;jpe;resx;tiff;tif;png;wav;mfcribbon-ms</Extensions>
    </Filter>
  </ItemGroup>
  <ItemGroup>
    <ClInclude Include="Resource\GpuResource.h">
      <Filter>头文件</Filter>
    </ClInclude>
    <ClInclude Include="Application\PCH.h">
      <Filter>头文件</Filter>
    </ClInclude>
    <ClInclude Include="RHI\d3dx12.h">
      <Filter>头文件</Filter>
    </ClInclude>
    <ClInclude Include="Resource\Buffer\UploadBuffer.h">
      <Filter>头文件</Filter>
    </ClInclude>
    <ClInclude Include="Utility\Utility.h">
      <Filter>头文件</Filter>
    </ClInclude>
    <ClInclude Include="RHI\GraphicsCore.h">
      <Filter>头文件</Filter>
    </ClInclude>
    <ClInclude Include="RHI\Command\CommandListManager.h">
      <Filter>头文件</Filter>
    </ClInclude>
    <ClInclude Include="RHI\Command\CommandContext.h">
      <Filter>头文件</Filter>
    </ClInclude>
    <ClInclude Include="RHI\Command\CommandAllocatorPool.h">
      <Filter>头文件</Filter>
    </ClInclude>
    <ClInclude Include="Resource\Buffer\GpuBuffer.h">
      <Filter>头文件</Filter>
    </ClInclude>
    <ClInclude Include="Resource\ResourceManager\BufferManager.h">
      <Filter>头文件</Filter>
    </ClInclude>
    <ClInclude Include="Resource\Buffer\ColorBuffer.h">
      <Filter>头文件</Filter>
    </ClInclude>
    <ClInclude Include="Resource\Buffer\DepthBuffer.h">
      <Filter>头文件</Filter>
    </ClInclude>
    <ClInclude Include="Resource\Buffer\ShadowBuffer.h">
      <Filter>头文件</Filter>
    </ClInclude>
    <ClInclude Include="Math\Common.h">
      <Filter>头文件</Filter>
    </ClInclude>
    <ClInclude Include="Resource\Texture\Texture.h">
      <Filter>头文件</Filter>
    </ClInclude>
    <ClInclude Include="Utility\DDSTextureLoader.h">
      <Filter>头文件</Filter>
    </ClInclude>
    <ClInclude Include="Utility\dds.h">
      <Filter>头文件</Filter>
    </ClInclude>
    <ClInclude Include="Utility\assert.h">
      <Filter>头文件</Filter>
    </ClInclude>
    <ClInclude Include="Resource\MemoryAllocator\LinearAllocator.h">
      <Filter>头文件</Filter>
    </ClInclude>
    <ClInclude Include="Resource\Buffer\PixelBuffer.h">
      <Filter>头文件</Filter>
    </ClInclude>
    <ClInclude Include="Resource\Buffer\ReadbackBuffer.h">
      <Filter>头文件</Filter>
    </ClInclude>
    <ClInclude Include="Utility\Color.h">
      <Filter>头文件</Filter>
    </ClInclude>
    <ClInclude Include="RHI\PipelineState\samplerManager.h">
      <Filter>头文件</Filter>
    </ClInclude>
    <ClInclude Include="RHI\PipelineState\GraphicsCommon.h">
      <Filter>头文件</Filter>
    </ClInclude>
    <ClInclude Include="Math\BoundingBox.h">
      <Filter>头文件</Filter>
    </ClInclude>
    <ClInclude Include="Math\BoundingPlane.h">
      <Filter>头文件</Filter>
    </ClInclude>
    <ClInclude Include="Math\BoundingSphere.h">
      <Filter>头文件</Filter>
    </ClInclude>
    <ClInclude Include="Math\Frustum.h">
      <Filter>头文件</Filter>
    </ClInclude>
    <ClInclude Include="Math\Matrix3.h">
      <Filter>头文件</Filter>
    </ClInclude>
    <ClInclude Include="Math\Matrix4.h">
      <Filter>头文件</Filter>
    </ClInclude>
    <ClInclude Include="Math\Quaternion.h">
      <Filter>头文件</Filter>
    </ClInclude>
    <ClInclude Include="Math\Random.h">
      <Filter>头文件</Filter>
    </ClInclude>
    <ClInclude Include="Math\Scalar.h">
      <Filter>头文件</Filter>
    </ClInclude>
    <ClInclude Include="Math\Transform.h">
      <Filter>头文件</Filter>
    </ClInclude>
    <ClInclude Include="Math\Vector.h">
      <Filter>头文件</Filter>
    </ClInclude>
    <ClInclude Include="Utility\Hash.h">
      <Filter>头文件</Filter>
    </ClInclude>
    <ClInclude Include="RHI\DescriptorHeap\DescriptorHeap.h">
      <Filter>头文件</Filter>
    </ClInclude>
    <ClInclude Include="Utility\FileUtility.h">
      <Filter>头文件</Filter>
    </ClInclude>
    <ClInclude Include="Resource\ResourceManager\TextureManager.h">
      <Filter>头文件</Filter>
    </ClInclude>
    <ClInclude Include="Math\VectorMath.h">
      <Filter>头文件</Filter>
    </ClInclude>
    <ClInclude Include="RHI\DescriptorHeap\DynamicDescriptorHeap.h">
      <Filter>头文件</Filter>
    </ClInclude>
    <ClInclude Include="RHI\PipelineState\RootSignature.h">
      <Filter>头文件</Filter>
    </ClInclude>
    <ClInclude Include="RHI\PipelineState\PipelineState.h">
      <Filter>头文件</Filter>
    </ClInclude>
    <ClInclude Include="Application\GameCore.h">
      <Filter>头文件</Filter>
    </ClInclude>
    <ClInclude Include="Application\Display.h">
      <Filter>头文件</Filter>
    </ClInclude>
    <ClInclude Include="Application\SystemTime.h">
      <Filter>头文件</Filter>
    </ClInclude>
    <ClInclude Include="RHI\Command\CommandSignature.h">
      <Filter>头文件</Filter>
    </ClInclude>
    <ClInclude Include="Camera\Camera.h">
      <Filter>头文件</Filter>
    </ClInclude>
  </ItemGroup>
  <ItemGroup>
    <ClCompile Include="Resource\GpuResource.cpp">
      <Filter>源文件</Filter>
    </ClCompile>
    <ClCompile Include="Application\PCH.cpp">
      <Filter>源文件</Filter>
    </ClCompile>
    <ClCompile Include="Resource\Buffer\UploadBuffer.cpp">
      <Filter>源文件</Filter>
    </ClCompile>
    <ClCompile Include="Utility\Utility.cpp">
      <Filter>源文件</Filter>
    </ClCompile>
    <ClCompile Include="RHI\GraphicsCore.cpp">
      <Filter>源文件</Filter>
    </ClCompile>
    <ClCompile Include="RHI\Command\CommandListManager.cpp">
      <Filter>源文件</Filter>
    </ClCompile>
    <ClCompile Include="RHI\Command\CommandContext.cpp">
      <Filter>源文件</Filter>
    </ClCompile>
    <ClCompile Include="RHI\Command\CommandAllocatorPool.cpp">
      <Filter>源文件</Filter>
    </ClCompile>
    <ClCompile Include="Resource\Buffer\GpuBuffer.cpp">
      <Filter>源文件</Filter>
    </ClCompile>
    <ClCompile Include="Resource\ResourceManager\BufferManager.cpp">
      <Filter>源文件</Filter>
    </ClCompile>
    <ClCompile Include="Resource\Buffer\ColorBuffer.cpp">
      <Filter>源文件</Filter>
    </ClCompile>
    <ClCompile Include="Resource\Buffer\DepthBuffer.cpp">
      <Filter>源文件</Filter>
    </ClCompile>
    <ClCompile Include="Resource\Buffer\ShadowBuffer.cpp">
      <Filter>源文件</Filter>
    </ClCompile>
    <ClCompile Include="Resource\Texture\Texture.cpp">
      <Filter>源文件</Filter>
    </ClCompile>
    <ClCompile Include="Utility\DDSTextureLoader.cpp">
      <Filter>源文件</Filter>
    </ClCompile>
    <ClCompile Include="Resource\MemoryAllocator\LinearAllocator.cpp">
      <Filter>源文件</Filter>
    </ClCompile>
    <ClCompile Include="Resource\Buffer\PixelBuffer.cpp">
      <Filter>源文件</Filter>
    </ClCompile>
    <ClCompile Include="Resource\Buffer\ReadbackBuffer.cpp">
      <Filter>源文件</Filter>
    </ClCompile>
    <ClCompile Include="RHI\PipelineState\samplerManager.cpp">
      <Filter>源文件</Filter>
    </ClCompile>
    <ClCompile Include="RHI\PipelineState\GraphicsCommon.cpp">
      <Filter>源文件</Filter>
    </ClCompile>
    <ClCompile Include="Math\BoundingSphere.cpp">
      <Filter>源文件</Filter>
    </ClCompile>
    <ClCompile Include="Math\Frustum.cpp">
      <Filter>源文件</Filter>
    </ClCompile>
    <ClCompile Include="Math\Random.cpp">
      <Filter>源文件</Filter>
    </ClCompile>
    <ClCompile Include="RHI\DescriptorHeap\DescriptorHeap.cpp">
      <Filter>源文件</Filter>
    </ClCompile>
    <ClCompile Include="Utility\FileUtility.cpp">
      <Filter>源文件</Filter>
    </ClCompile>
    <ClCompile Include="Resource\ResourceManager\TextureManager.cpp">
      <Filter>源文件</Filter>
    </ClCompile>
    <ClCompile Include="RHI\DescriptorHeap\DynamicDescriptorHeap.cpp">
      <Filter>源文件</Filter>
    </ClCompile>
    <ClCompile Include="RHI\PipelineState\RootSignature.cpp">
      <Filter>源文件</Filter>
    </ClCompile>
    <ClCompile Include="RHI\PipelineState\PipelineState.cpp">
      <Filter>源文件</Filter>
    </ClCompile>
    <ClCompile Include="Application\GameCore.cpp">
      <Filter>源文件</Filter>
    </ClCompile>
    <ClCompile Include="Application\Display.cpp">
      <Filter>源文件</Filter>
    </ClCompile>
    <ClCompile Include="Application\SystemTime.cpp">
      <Filter>源文件</Filter>
    </ClCompile>
    <ClCompile Include="RHI\Command\CommandSignature.cpp">
      <Filter>源文件</Filter>
    </ClCompile>
    <ClCompile Include="Camera\Camera.cpp">
      <Filter>源文件</Filter>
    </ClCompile>
  </ItemGroup>
  <ItemGroup>
    <None Include="Math\Functions.inl">
      <Filter>头文件</Filter>
    </None>
    <None Include="packages.config" />
    <None Include="Engine.md" />
  </ItemGroup>
</Project>