
Microsoft Visual Studio Solution File, Format Version 12.00
# Visual Studio Version 17
VisualStudioVersion = 17.13.35825.156
MinimumVisualStudioVersion = 10.0.40219.1
Project("{2150E333-8FDC-42A3-9474-1A3956D46DE8}") = "Source", "Source", "{3227ADC5-38F5-4FB4-9BB9-B7515B611937}"
	ProjectSection(SolutionItems) = preProject
		Source\Engine\README.md = Source\Engine\README.md
	EndProjectSection
EndProject
Project("{2150E333-8FDC-42A3-9474-1A3956D46DE8}") = "ThirdParty", "ThirdParty", "{66929B25-1F08-4DD2-8104-E46311D73FC3}"
EndProject
Project("{8BC9CEB8-8B4A-11D0-8D11-00A0C91BC942}") = "Engine", "Source\Engine\Engine.vcxproj", "{B5747012-C989-43EE-8528-FE76C7B874C6}"
EndProject
Project("{8BC9CEB8-8B4A-11D0-8D11-00A0C91BC942}") = "App", "Source\App\App.vcxproj", "{5D5CC1B3-B818-4AAA-BE47-4C28401106FE}"
	ProjectSection(ProjectDependencies) = postProject
		{B5747012-C989-43EE-8528-FE76C7B874C6} = {B5747012-C989-43EE-8528-FE76C7B874C6}
	EndProjectSection
EndProject
Project("{8BC9CEB8-8B4A-11D0-8D11-00A0C91BC942}") = "TooiyumeRender", "Source\TooiyumeRender\TooiyumeRender.vcxproj", "{20826747-779F-4C13-B38E-A030952DF60E}"
EndProject
Project("{8BC9CEB8-8B4A-11D0-8D11-00A0C91BC942}") = "Model", "Source\Model\Model.vcxproj", "{3E2F08AC-0937-4435-99D2-53B5968E27F8}"
EndProject
Global
	GlobalSection(SolutionConfigurationPlatforms) = preSolution
		Debug|x64 = Debug|x64
		Debug|x86 = Debug|x86
		Release|x64 = Release|x64
		Release|x86 = Release|x86
	EndGlobalSection
	GlobalSection(ProjectConfigurationPlatforms) = postSolution
		{B5747012-C989-43EE-8528-FE76C7B874C6}.Debug|x64.ActiveCfg = Debug|x64
		{B5747012-C989-43EE-8528-FE76C7B874C6}.Debug|x64.Build.0 = Debug|x64
		{B5747012-C989-43EE-8528-FE76C7B874C6}.Debug|x86.ActiveCfg = Debug|Win32
		{B5747012-C989-43EE-8528-FE76C7B874C6}.Debug|x86.Build.0 = Debug|Win32
		{B5747012-C989-43EE-8528-FE76C7B874C6}.Release|x64.ActiveCfg = Release|x64
		{B5747012-C989-43EE-8528-FE76C7B874C6}.Release|x64.Build.0 = Release|x64
		{B5747012-C989-43EE-8528-FE76C7B874C6}.Release|x86.ActiveCfg = Release|Win32
		{B5747012-C989-43EE-8528-FE76C7B874C6}.Release|x86.Build.0 = Release|Win32
		{5D5CC1B3-B818-4AAA-BE47-4C28401106FE}.Debug|x64.ActiveCfg = Debug|x64
		{5D5CC1B3-B818-4AAA-BE47-4C28401106FE}.Debug|x64.Build.0 = Debug|x64
		{5D5CC1B3-B818-4AAA-BE47-4C28401106FE}.Debug|x86.ActiveCfg = Debug|Win32
		{5D5CC1B3-B818-4AAA-BE47-4C28401106FE}.Debug|x86.Build.0 = Debug|Win32
		{5D5CC1B3-B818-4AAA-BE47-4C28401106FE}.Release|x64.ActiveCfg = Release|x64
		{5D5CC1B3-B818-4AAA-BE47-4C28401106FE}.Release|x64.Build.0 = Release|x64
		{5D5CC1B3-B818-4AAA-BE47-4C28401106FE}.Release|x86.ActiveCfg = Release|Win32
		{5D5CC1B3-B818-4AAA-BE47-4C28401106FE}.Release|x86.Build.0 = Release|Win32
		{20826747-779F-4C13-B38E-A030952DF60E}.Debug|x64.ActiveCfg = Debug|x64
		{20826747-779F-4C13-B38E-A030952DF60E}.Debug|x64.Build.0 = Debug|x64
		{20826747-779F-4C13-B38E-A030952DF60E}.Debug|x86.ActiveCfg = Debug|Win32
		{20826747-779F-4C13-B38E-A030952DF60E}.Debug|x86.Build.0 = Debug|Win32
		{20826747-779F-4C13-B38E-A030952DF60E}.Release|x64.ActiveCfg = Release|x64
		{20826747-779F-4C13-B38E-A030952DF60E}.Release|x64.Build.0 = Release|x64
		{20826747-779F-4C13-B38E-A030952DF60E}.Release|x86.ActiveCfg = Release|Win32
		{20826747-779F-4C13-B38E-A030952DF60E}.Release|x86.Build.0 = Release|Win32
		{3E2F08AC-0937-4435-99D2-53B5968E27F8}.Debug|x64.ActiveCfg = Debug|x64
		{3E2F08AC-0937-4435-99D2-53B5968E27F8}.Debug|x64.Build.0 = Debug|x64
		{3E2F08AC-0937-4435-99D2-53B5968E27F8}.Debug|x86.ActiveCfg = Debug|Win32
		{3E2F08AC-0937-4435-99D2-53B5968E27F8}.Debug|x86.Build.0 = Debug|Win32
		{3E2F08AC-0937-4435-99D2-53B5968E27F8}.Release|x64.ActiveCfg = Release|x64
		{3E2F08AC-0937-4435-99D2-53B5968E27F8}.Release|x64.Build.0 = Release|x64
		{3E2F08AC-0937-4435-99D2-53B5968E27F8}.Release|x86.ActiveCfg = Release|Win32
		{3E2F08AC-0937-4435-99D2-53B5968E27F8}.Release|x86.Build.0 = Release|Win32
	EndGlobalSection
	GlobalSection(SolutionProperties) = preSolution
		HideSolutionNode = FALSE
	EndGlobalSection
	GlobalSection(NestedProjects) = preSolution
		{B5747012-C989-43EE-8528-FE76C7B874C6} = {3227ADC5-38F5-4FB4-9BB9-B7515B611937}
		{5D5CC1B3-B818-4AAA-BE47-4C28401106FE} = {3227ADC5-38F5-4FB4-9BB9-B7515B611937}
		{20826747-779F-4C13-B38E-A030952DF60E} = {3227ADC5-38F5-4FB4-9BB9-B7515B611937}
		{3E2F08AC-0937-4435-99D2-53B5968E27F8} = {3227ADC5-38F5-4FB4-9BB9-B7515B611937}
	EndGlobalSection
	GlobalSection(ExtensibilityGlobals) = postSolution
		SolutionGuid = {0CF201BC-B8F7-4BAC-BB3C-2EF3E12449CD}
	EndGlobalSection
EndGlobal
